PODS:
  - Alamofire (3.3.0)
  - ALCameraViewController (1.1.9)
  - ChameleonFramework/Default (2.1.0)
  - ChameleonFramework/Swift (2.1.0):
    - ChameleonFramework/Default
  - DOAlertController (1.0.0)
  - DZNEmptyDataSet (1.7.3)
  - EZLoadingActivity (0.8)
  - EZSwiftExtensions (1.4)
  - Fakery (1.1.2):
    - SwiftyJSON
  - Firebase/Analytics (3.3.0):
    - FirebaseAnalytics (= 3.2.1)
  - Firebase/Auth (3.3.0):
    - Firebase/Analytics (= 3.3.0)
    - FirebaseAuth (= 3.0.3)
  - Firebase/Core (3.3.0):
    - Firebase/Analytics (= 3.3.0)
  - Firebase/Database (3.3.0):
    - Firebase/Analytics (= 3.3.0)
    - FirebaseDatabase (= 3.0.2)
  - FirebaseAnalytics (3.2.1):
    - FirebaseInstanceID (~> 1.0)
    - GoogleInterchangeUtilities (~> 1.2)
    - GoogleSymbolUtilities (~> 1.1)
    - GoogleUtilities (~> 1.3)
  - FirebaseAuth (3.0.3):
    - FirebaseAnalytics (~> 3.2)
    - GoogleNetworkingUtilities (~> 1.2)
    - GoogleParsingUtilities (~> 1.1)
    - GoogleUtilities (~> 1.3)
  - FirebaseDatabase (3.0.2):
    - FirebaseAnalytics (~> 3.2)
  - FirebaseInstanceID (1.0.7)
  - FlatUIKit (1.6.2)
  - Font-Awesome-Swift (1.4.6)
  - ForecastView (0.3.1)
  - GoogleInterchangeUtilities (1.2.1):
    - GoogleSymbolUtilities (~> 1.0)
  - GoogleNetworkingUtilities (1.2.1):
    - GoogleSymbolUtilities (~> 1.0)
  - GoogleParsingUtilities (1.1.1):
    - GoogleNetworkingUtilities (~> 1.0)
    - GoogleSymbolUtilities (~> 1.0)
  - GoogleSymbolUtilities (1.1.1)
  - GoogleUtilities (1.3.1):
    - GoogleSymbolUtilities (~> 1.0)
  - IQKeyboardManagerSwift (4.0.0)
  - KIF (3.4.2):
    - KIF/Core (= 3.4.2)
  - KIF/Core (3.4.2)
  - Material (1.38.5)
  - MXParallaxHeader (0.5.0)
  - Nimble (4.0.1)
  - OHHTTPStubs (5.0.0):
    - OHHTTPStubs/Default (= 5.0.0)
  - OHHTTPStubs/Core (5.0.0)
  - OHHTTPStubs/Default (5.0.0):
    - OHHTTPStubs/Core
    - OHHTTPStubs/JSON
    - OHHTTPStubs/NSURLSession
    - OHHTTPStubs/OHPathHelpers
  - OHHTTPStubs/JSON (5.0.0):
    - OHHTTPStubs/Core
  - OHHTTPStubs/NSURLSession (5.0.0):
    - OHHTTPStubs/Core
  - OHHTTPStubs/OHPathHelpers (5.0.0)
  - Quick (0.9.2)
  - ReachabilitySwift (2.3.3)
  - SSASideMenu (1.0.4)
  - StatusBarNotificationCenter (1.1.3)
  - SwiftSpinner (0.9.1)
  - SwiftValidator (3.0.3)
  - SwiftyJSON (2.3.2)

DEPENDENCIES:
  - Alamofire (~> 3.0)
  - ALCameraViewController
  - ChameleonFramework/Swift
  - DOAlertController (from `https://github.com/buubui/DOAlertController`, branch `dev`)
  - DZNEmptyDataSet
  - EZLoadingActivity
  - EZSwiftExtensions
  - Fakery
  - Firebase/Auth
  - Firebase/Core
  - Firebase/Database
  - FlatUIKit
  - Font-Awesome-Swift (~> 1.4.6)
  - ForecastView (from `https://github.com/buubui/ForecastView.git`, branch `dev`)
  - IQKeyboardManagerSwift
  - KIF
  - Material
  - MXParallaxHeader
  - Nimble
  - OHHTTPStubs
  - Quick
  - ReachabilitySwift
  - SSASideMenu (from `https://github.com/mbalex99/SSASideMenu.git`)
  - StatusBarNotificationCenter
  - SwiftSpinner
  - SwiftValidator
  - SwiftyJSON

EXTERNAL SOURCES:
  DOAlertController:
    :branch: dev
    :git: https://github.com/buubui/DOAlertController
  ForecastView:
    :branch: dev
    :git: https://github.com/buubui/ForecastView.git
  SSASideMenu:
    :git: https://github.com/mbalex99/SSASideMenu.git

CHECKOUT OPTIONS:
  DOAlertController:
    :commit: 3c9a0aa2dce4dc7e35c994490e3d983086464b2a
    :git: https://github.com/buubui/DOAlertController
  ForecastView:
    :commit: 99181d2eec62c006e445f5b10706a212a865f9c6
    :git: https://github.com/buubui/ForecastView.git
  SSASideMenu:
    :commit: 5d3de08428b839e30ad6210cf359730f60da37bf
    :git: https://github.com/mbalex99/SSASideMenu.git

SPEC CHECKSUMS:
  Alamofire: 9054db4a1b1ca9e363223183e01cea380159a27c
  ALCameraViewController: f171ffb7e84d211277a0f97823a2bda7418dc573
  ChameleonFramework: d21a3cc247abfe5e37609a283a8238b03575cf64
  DOAlertController: 64a9470255f5255e579d86a018684efc1d083ece
  DZNEmptyDataSet: dd7cca17c1d07dfa78956859b1e70a52505678ef
  EZLoadingActivity: 6fd75a05765a4085f4b6fef6f62edf9f144b3139
  EZSwiftExtensions: db7be0022fce8e92cdfe0fadddaf835fcd9696db
  Fakery: a4121424cf731cacc04a5ff1735fcc6e3efc656d
  Firebase: 6250071f0e2440a5c4c67b8cb6b868f868237ac3
  FirebaseAnalytics: 0fd6532cb2c3d03cd5cf26ad295ccb091efd3104
  FirebaseAuth: 5efddc3fae47042b73585f083f956462be4f5b8e
  FirebaseDatabase: 59bea2e7dfd81b3b8b2f8e396caf1a52c2ced6f7
  FirebaseInstanceID: a9d923f3d0b6fbf9fac89310860357aaadc34be5
  FlatUIKit: 1b41f0d4952ce8d970d8479ce79df54a960242c4
  Font-Awesome-Swift: a965c23e619514be65de9b113f49038ca683c1bb
  ForecastView: b21b11748e45204dac52dde179eb2905f56c69ce
  GoogleInterchangeUtilities: def8415a862effc67d549d5b5b0b9c7a2f97d4de
  GoogleNetworkingUtilities: 3e83269048cfb498dc7ec83ab36813360965c74f
  GoogleParsingUtilities: 30b3896f9ee167dc78747f013d3de157ced1cadf
  GoogleSymbolUtilities: 33117db1b5f290c6fbf259585e4885b4c84b98d7
  GoogleUtilities: 56c5ac05b7aa5dc417a1bb85221a9516e04d7032
  IQKeyboardManagerSwift: ede2a27b4e1ce053d03073b9c7fa439322f5e405
  KIF: b518c9831453abea5afdbbde3908ec47832d6d56
  Material: e382debf52b8070a235f5f67d9394524f16a8e6e
  MXParallaxHeader: c7dfdf8d769a8eb868a431ec3aeaf994a147b8bc
  Nimble: 0f3c8b8b084cda391209c3c5efbb48bedeeb920a
  OHHTTPStubs: a5d2e9eea07869d42ec03338325f398bc520e159
  Quick: 18d057bc66451eedd5d1c8dc99ba2a5db6e60226
  ReachabilitySwift: e0f6b6f280effb47731acfaaa2d5ffe223703793
  SSASideMenu: 3f2de95caf05725520213eee731f8b92dd4e3016
  StatusBarNotificationCenter: f788bd9192bf5f7a40117f96a173a138be739823
  SwiftSpinner: 09a60c00f4dfa2097b4deabd26f513ad077af4f1
  SwiftValidator: 0b6a48bf10364411b0d64c97f78665ff87ca9f8b
  SwiftyJSON: 04ccea08915aa0109039157c7974cf0298da292a

PODFILE CHECKSUM: 6031b338be22802298b48fe187177ebf3655f4da

COCOAPODS: 1.0.1
